
Microsoft Visual Studio Solution File, Format Version 12.00
# Visual Studio 15
VisualStudioVersion = 15.0.27130.2003
MinimumVisualStudioVersion = 10.0.40219.1
Project("{FAE04EC0-301F-11D3-BF4B-00C04F79EFBC}") = "CodePreviewHandler", "CodePreviewHandler\CodePreviewHandler.csproj", "{E19D3610-E39D-4F31-9614-C7AE30AB729E}"
EndProject
Project("{FAE04EC0-301F-11D3-BF4B-00C04F79EFBC}") = "Manager", "Manager\Manager.csproj", "{17C55553-1563-4F93-9465-11D52EE0A8ED}"
EndProject
Global
	GlobalSection(SolutionConfigurationPlatforms) = preSolution
		Debug|Any CPU = Debug|Any CPU
		Release|Any CPU = Release|Any CPU
	EndGlobalSection
	GlobalSection(ProjectConfigurationPlatforms) = postSolution
		{E19D3610-E39D-4F31-9614-C7AE30AB729E}.Debug|Any CPU.ActiveCfg = Debug|Any CPU
		{E19D3610-E39D-4F31-9614-C7AE30AB729E}.Debug|Any CPU.Build.0 = Debug|Any CPU
		{E19D3610-E39D-4F31-9614-C7AE30AB729E}.Release|Any CPU.ActiveCfg = Release|Any CPU
		{E19D3610-E39D-4F31-9614-C7AE30AB729E}.Release|Any CPU.Build.0 = Release|Any CPU
		{17C55553-1563-4F93-9465-11D52EE0A8ED}.Debug|Any CPU.ActiveCfg = Debug|Any CPU
		{17C55553-1563-4F93-9465-11D52EE0A8ED}.Debug|Any CPU.Build.0 = Debug|Any CPU
		{17C55553-1563-4F93-9465-11D52EE0A8ED}.Release|Any CPU.ActiveCfg = Release|Any CPU
		{17C55553-1563-4F93-9465-11D52EE0A8ED}.Release|Any CPU.Build.0 = Release|Any CPU
	EndGlobalSection
	GlobalSection(SolutionProperties) = preSolution
		HideSolutionNode = FALSE
	EndGlobalSection
	GlobalSection(ExtensibilityGlobals) = postSolution
		SolutionGuid = {CD0DB442-48AE-40B4-A78F-C3B28AD062EC}
	EndGlobalSection
EndGlobal
